// !$*UTF8*$!
{
	archiveVersion = 1;
	classes = {
	};
	objectVersion = 46;
	objects = {

/* Begin PBXBuildFile section */
		00E356F31AD99517003FC87E /* pharmxTests.m in Sources */ = {isa = PBXBuildFile; fileRef = 00E356F21AD99517003FC87E /* pharmxTests.m */; };
		02B3C6B3437D40D5ADEE43BD /* Nunito-Bold.ttf in Resources */ = {isa = PBXBuildFile; fileRef = 7A03B44A9C8A46AC9C21D32E /* Nunito-Bold.ttf */; };
		05D02E6A6FD94AC9829DAE4A /* NunitoSans-ExtraLight.ttf in Resources */ = {isa = PBXBuildFile; fileRef = 6DD82B284C1041718B6657DD /* NunitoSans-ExtraLight.ttf */; };
		063C54120E39F53DE3624F0B /* libPods-pharmx-tvOSTests.a in Frameworks */ = {isa = PBXBuildFile; fileRef = 06E71507D04F751115AB5A15 /* libPods-pharmx-tvOSTests.a */; };
		0652BECC7ABB4EDA92556256 /* Nunito-Black.ttf in Resources */ = {isa = PBXBuildFile; fileRef = 1F2829C604F3420AA53B5C98 /* Nunito-Black.ttf */; };
		105A220CA99C43B8A28341FA /* SFUIDisplay-Heavy.ttf in Resources */ = {isa = PBXBuildFile; fileRef = 27296978B4084271B1804F84 /* SFUIDisplay-Heavy.ttf */; };
		13B07FBC1A68108700A75B9A /* AppDelegate.m in Sources */ = {isa = PBXBuildFile; fileRef = 13B07FB01A68108700A75B9A /* AppDelegate.m */; };
		13B07FBF1A68108700A75B9A /* Images.xcassets in Resources */ = {isa = PBXBuildFile; fileRef = 13B07FB51A68108700A75B9A /* Images.xcassets */; };
		13B07FC11A68108700A75B9A /* main.m in Sources */ = {isa = PBXBuildFile; fileRef = 13B07FB71A68108700A75B9A /* main.m */; };
		2C6F5316184B4EDF82FF02AB /* SFUIText-Bold.ttf in Resources */ = {isa = PBXBuildFile; fileRef = 14079F3DA41C4A4580E3588A /* SFUIText-Bold.ttf */; };
		2D02E4BC1E0B4A80006451C7 /* AppDelegate.m in Sources */ = {isa = PBXBuildFile; fileRef = 13B07FB01A68108700A75B9A /* AppDelegate.m */; };
		2D02E4BD1E0B4A84006451C7 /* Images.xcassets in Resources */ = {isa = PBXBuildFile; fileRef = 13B07FB51A68108700A75B9A /* Images.xcassets */; };
		2D02E4BF1E0B4AB3006451C7 /* main.m in Sources */ = {isa = PBXBuildFile; fileRef = 13B07FB71A68108700A75B9A /* main.m */; };
		2DCD954D1E0B4F2C00145EB5 /* pharmxTests.m in Sources */ = {isa = PBXBuildFile; fileRef = 00E356F21AD99517003FC87E /* pharmxTests.m */; };
		33B7609162854B779E2FC551 /* SFUIDisplay-Medium.ttf in Resources */ = {isa = PBXBuildFile; fileRef = 4484CB38B4114BFF99E5A7DF /* SFUIDisplay-Medium.ttf */; };
		35D9EBC8A4584D0CB2496745 /* NunitoSans-Regular.ttf in Resources */ = {isa = PBXBuildFile; fileRef = 8A1943F7EE5A48CF98CB7F98 /* NunitoSans-Regular.ttf */; };
		4798A84ADB6C119F135F87DC /* libPods-pharmx-pharmxTests.a in Frameworks */ = {isa = PBXBuildFile; fileRef = 2C24703A23269CBAFB3E1C94 /* libPods-pharmx-pharmxTests.a */; };
		4AE1224228B94AF2AD94FDA4 /* Nunito-Regular.ttf in Resources */ = {isa = PBXBuildFile; fileRef = 5D22F11CE3C74711A3045726 /* Nunito-Regular.ttf */; };
		528EC0F772CA411C9A7BBF64 /* NunitoSans-Black.ttf in Resources */ = {isa = PBXBuildFile; fileRef = 3972578AA35F4BE791CF9EDA /* NunitoSans-Black.ttf */; };
		5DF01D73D6FF4FE3AC0DE2E1 /* SFUIDisplay-Black.ttf in Resources */ = {isa = PBXBuildFile; fileRef = A813C5DA38EC49E59C0CDB47 /* SFUIDisplay-Black.ttf */; };
		5E9CEE59A6014C23AA4F3F01 /* Nunito-Light.ttf in Resources */ = {isa = PBXBuildFile; fileRef = 8DAE944FCB50442BAC3867D2 /* Nunito-Light.ttf */; };
		632DA35506534220BD347F4A /* Nunito-SemiBold.ttf in Resources */ = {isa = PBXBuildFile; fileRef = F6B5C7A758B04E29B1858569 /* Nunito-SemiBold.ttf */; };
		7D28FF16EFE442769F8C83F2 /* SFUIDisplay-Regular.ttf in Resources */ = {isa = PBXBuildFile; fileRef = 8E0FB93481A149F9A0333785 /* SFUIDisplay-Regular.ttf */; };
		81AB9BB82411601600AC10FF /* LaunchScreen.storyboard in Resources */ = {isa = PBXBuildFile; fileRef = 81AB9BB72411601600AC10FF /* LaunchScreen.storyboard */; };
		8AAB7CB701C24E2398EF1B80 /* SFUIDisplay-Light.ttf in Resources */ = {isa = PBXBuildFile; fileRef = 2736072D4FED42D087A52DDC /* SFUIDisplay-Light.ttf */; };
		8F7C5284E95945FCAE9F57EC /* Nunito-ExtraBold.ttf in Resources */ = {isa = PBXBuildFile; fileRef = A51B678132F847C9AB539331 /* Nunito-ExtraBold.ttf */; };
		944E9FC99FDBEFE37B098EAF /* libPods-pharmx-tvOS.a in Frameworks */ = {isa = PBXBuildFile; fileRef = 51B9F08D28B79AB5D813A151 /* libPods-pharmx-tvOS.a */; };
		B8F7C62D37CF57EA48A3D6D2 /* libPods-pharmx.a in Frameworks */ = {isa = PBXBuildFile; fileRef = 9ABA4384308E32B2DDD9DA54 /* libPods-pharmx.a */; };
		D1EBCC9C964B4CFD9D6B5FB9 /* Nunito-ExtraLight.ttf in Resources */ = {isa = PBXBuildFile; fileRef = AD90923F046F4717AF3578B7 /* Nunito-ExtraLight.ttf */; };
		D971C3FDE723479080A36983 /* NunitoSans-SemiBold.ttf in Resources */ = {isa = PBXBuildFile; fileRef = 0CCF7C91F3324F4BB8396BB8 /* NunitoSans-SemiBold.ttf */; };
		DB4E53C6CA27445A83D7033C /* NunitoSans-ExtraBold.ttf in Resources */ = {isa = PBXBuildFile; fileRef = D6B00CC8F72346A29D271201 /* NunitoSans-ExtraBold.ttf */; };
		E10934B290314589BE18FE00 /* NunitoSans-Light.ttf in Resources */ = {isa = PBXBuildFile; fileRef = 2EAFA4FF7E284752B2DF1A0C /* NunitoSans-Light.ttf */; };
		E4942D8609124263A5E12BAD /* SFUIDisplay-Bold.ttf in Resources */ = {isa = PBXBuildFile; fileRef = 0F846BBA8B784AA7820B8F5D /* SFUIDisplay-Bold.ttf */; };
		FE47B34ABABA4412A0FAC3EB /* NunitoSans-Bold.ttf in Resources */ = {isa = PBXBuildFile; fileRef = 5CA97B78AF7043AAAAAB1DFC /* NunitoSans-Bold.ttf */; };
		FEDE99F1E3384EF3881C21CB /* SFUIDisplay-Semibold.ttf in Resources */ = {isa = PBXBuildFile; fileRef = A4A3AF4A5D9341E282885033 /* SFUIDisplay-Semibold.ttf */; };
		FF842C4DD4574C8FB3CF2B8F /* Nunito-SemiBoldItalic.ttf in Resources */ = {isa = PBXBuildFile; fileRef = D90DB1C768A3437AAF4360E8 /* Nunito-SemiBoldItalic.ttf */; };
/* End PBXBuildFile section */

/* Begin PBXContainerItemProxy section */
		00E356F41AD99517003FC87E /* PBXContainerItemProxy */ = {
			isa = PBXContainerItemProxy;
			containerPortal = 83CBB9F71A601CBA00E9B192 /* Project object */;
			proxyType = 1;
			remoteGlobalIDString = 13B07F861A680F5B00A75B9A;
			remoteInfo = pharmx;
		};
		2D02E4911E0B4A5D006451C7 /* PBXContainerItemProxy */ = {
			isa = PBXContainerItemProxy;
			containerPortal = 83CBB9F71A601CBA00E9B192 /* Project object */;
			proxyType = 1;
			remoteGlobalIDString = 2D02E47A1E0B4A5D006451C7;
			remoteInfo = "pharmx-tvOS";
		};
/* End PBXContainerItemProxy section */

/* Begin PBXFileReference section */
		00E356EE1AD99517003FC87E /* pharmxTests.xctest */ = {isa = PBXFileReference; explicitFileType = wrapper.cfbundle; includeInIndex = 0; path = pharmxTests.xctest; sourceTree = BUILT_PRODUCTS_DIR; };
		00E356F11AD99517003FC87E /* Info.plist */ = {isa = PBXFileReference; lastKnownFileType = text.plist.xml; path = Info.plist; sourceTree = "<group>"; };
		00E356F21AD99517003FC87E /* pharmxTests.m */ = {isa = PBXFileReference; lastKnownFileType = sourcecode.c.objc; path = pharmxTests.m; sourceTree = "<group>"; };
		04E9E8D7DFA26C2AA7B6E654 /* Pods-pharmx.debug.xcconfig */ = {isa = PBXFileReference; includeInIndex = 1; lastKnownFileType = text.xcconfig; name = "Pods-pharmx.debug.xcconfig"; path = "Target Support Files/Pods-pharmx/Pods-pharmx.debug.xcconfig"; sourceTree = "<group>"; };
		06E71507D04F751115AB5A15 /* libPods-pharmx-tvOSTests.a */ = {isa = PBXFileReference; explicitFileType = archive.ar; includeInIndex = 0; path = "libPods-pharmx-tvOSTests.a"; sourceTree = BUILT_PRODUCTS_DIR; };
		0CCF7C91F3324F4BB8396BB8 /* NunitoSans-SemiBold.ttf */ = {isa = PBXFileReference; explicitFileType = undefined; fileEncoding = 9; includeInIndex = 0; lastKnownFileType = unknown; name = "NunitoSans-SemiBold.ttf"; path = "../src/Assets/Fonts/NunitoSans-SemiBold.ttf"; sourceTree = "<group>"; };
		0F846BBA8B784AA7820B8F5D /* SFUIDisplay-Bold.ttf */ = {isa = PBXFileReference; explicitFileType = undefined; fileEncoding = 9; includeInIndex = 0; lastKnownFileType = unknown; name = "SFUIDisplay-Bold.ttf"; path = "../src/Assets/Fonts/SFUIDisplay-Bold.ttf"; sourceTree = "<group>"; };
		13B07F961A680F5B00A75B9A /* pharmx.app */ = {isa = PBXFileReference; explicitFileType = wrapper.application; includeInIndex = 0; path = pharmx.app; sourceTree = BUILT_PRODUCTS_DIR; };
		13B07FAF1A68108700A75B9A /* AppDelegate.h */ = {isa = PBXFileReference; fileEncoding = 4; lastKnownFileType = sourcecode.c.h; name = AppDelegate.h; path = pharmx/AppDelegate.h; sourceTree = "<group>"; };
		13B07FB01A68108700A75B9A /* AppDelegate.m */ = {isa = PBXFileReference; fileEncoding = 4; lastKnownFileType = sourcecode.c.objc; name = AppDelegate.m; path = pharmx/AppDelegate.m; sourceTree = "<group>"; };
		13B07FB51A68108700A75B9A /* Images.xcassets */ = {isa = PBXFileReference; lastKnownFileType = folder.assetcatalog; name = Images.xcassets; path = pharmx/Images.xcassets; sourceTree = "<group>"; };
		13B07FB61A68108700A75B9A /* Info.plist */ = {isa = PBXFileReference; fileEncoding = 4; lastKnownFileType = text.plist.xml; name = Info.plist; path = pharmx/Info.plist; sourceTree = "<group>"; };
		13B07FB71A68108700A75B9A /* main.m */ = {isa = PBXFileReference; fileEncoding = 4; lastKnownFileType = sourcecode.c.objc; name = main.m; path = pharmx/main.m; sourceTree = "<group>"; };
		14079F3DA41C4A4580E3588A /* SFUIText-Bold.ttf */ = {isa = PBXFileReference; explicitFileType = undefined; fileEncoding = 9; includeInIndex = 0; lastKnownFileType = unknown; name = "SFUIText-Bold.ttf"; path = "../src/Assets/Fonts/SFUIText-Bold.ttf"; sourceTree = "<group>"; };
		1BFDBE7DD9D1651DF64A33A2 /* Pods-pharmx.release.xcconfig */ = {isa = PBXFileReference; includeInIndex = 1; lastKnownFileType = text.xcconfig; name = "Pods-pharmx.release.xcconfig"; path = "Target Support Files/Pods-pharmx/Pods-pharmx.release.xcconfig"; sourceTree = "<group>"; };
		1F2829C604F3420AA53B5C98 /* Nunito-Black.ttf */ = {isa = PBXFileReference; explicitFileType = undefined; fileEncoding = 9; includeInIndex = 0; lastKnownFileType = unknown; name = "Nunito-Black.ttf"; path = "../src/Assets/Fonts/Nunito-Black.ttf"; sourceTree = "<group>"; };
		27296978B4084271B1804F84 /* SFUIDisplay-Heavy.ttf */ = {isa = PBXFileReference; explicitFileType = undefined; fileEncoding = 9; includeInIndex = 0; lastKnownFileType = unknown; name = "SFUIDisplay-Heavy.ttf"; path = "../src/Assets/Fonts/SFUIDisplay-Heavy.ttf"; sourceTree = "<group>"; };
		2736072D4FED42D087A52DDC /* SFUIDisplay-Light.ttf */ = {isa = PBXFileReference; explicitFileType = undefined; fileEncoding = 9; includeInIndex = 0; lastKnownFileType = unknown; name = "SFUIDisplay-Light.ttf"; path = "../src/Assets/Fonts/SFUIDisplay-Light.ttf"; sourceTree = "<group>"; };
		2C24703A23269CBAFB3E1C94 /* libPods-pharmx-pharmxTests.a */ = {isa = PBXFileReference; explicitFileType = archive.ar; includeInIndex = 0; path = "libPods-pharmx-pharmxTests.a"; sourceTree = BUILT_PRODUCTS_DIR; };
		2D02E47B1E0B4A5D006451C7 /* pharmx-tvOS.app */ = {isa = PBXFileReference; explicitFileType = wrapper.application; includeInIndex = 0; path = "pharmx-tvOS.app"; sourceTree = BUILT_PRODUCTS_DIR; };
		2D02E4901E0B4A5D006451C7 /* pharmx-tvOSTests.xctest */ = {isa = PBXFileReference; explicitFileType = wrapper.cfbundle; includeInIndex = 0; path = "pharmx-tvOSTests.xctest"; sourceTree = BUILT_PRODUCTS_DIR; };
		2EAFA4FF7E284752B2DF1A0C /* NunitoSans-Light.ttf */ = {isa = PBXFileReference; explicitFileType = undefined; fileEncoding = 9; includeInIndex = 0; lastKnownFileType = unknown; name = "NunitoSans-Light.ttf"; path = "../src/Assets/Fonts/NunitoSans-Light.ttf"; sourceTree = "<group>"; };
		3972578AA35F4BE791CF9EDA /* NunitoSans-Black.ttf */ = {isa = PBXFileReference; explicitFileType = undefined; fileEncoding = 9; includeInIndex = 0; lastKnownFileType = unknown; name = "NunitoSans-Black.ttf"; path = "../src/Assets/Fonts/NunitoSans-Black.ttf"; sourceTree = "<group>"; };
		39AE9A0E43031AF27FDD6C39 /* Pods-pharmx-tvOSTests.debug.xcconfig */ = {isa = PBXFileReference; includeInIndex = 1; lastKnownFileType = text.xcconfig; name = "Pods-pharmx-tvOSTests.debug.xcconfig"; path = "Target Support Files/Pods-pharmx-tvOSTests/Pods-pharmx-tvOSTests.debug.xcconfig"; sourceTree = "<group>"; };
		4484CB38B4114BFF99E5A7DF /* SFUIDisplay-Medium.ttf */ = {isa = PBXFileReference; explicitFileType = undefined; fileEncoding = 9; includeInIndex = 0; lastKnownFileType = unknown; name = "SFUIDisplay-Medium.ttf"; path = "../src/Assets/Fonts/SFUIDisplay-Medium.ttf"; sourceTree = "<group>"; };
		51B9F08D28B79AB5D813A151 /* libPods-pharmx-tvOS.a */ = {isa = PBXFileReference; explicitFileType = archive.ar; includeInIndex = 0; path = "libPods-pharmx-tvOS.a"; sourceTree = BUILT_PRODUCTS_DIR; };
		530281B2C38E78F1A254332D /* Pods-pharmx-pharmxTests.debug.xcconfig */ = {isa = PBXFileReference; includeInIndex = 1; lastKnownFileType = text.xcconfig; name = "Pods-pharmx-pharmxTests.debug.xcconfig"; path = "Target Support Files/Pods-pharmx-pharmxTests/Pods-pharmx-pharmxTests.debug.xcconfig"; sourceTree = "<group>"; };
		5CA97B78AF7043AAAAAB1DFC /* NunitoSans-Bold.ttf */ = {isa = PBXFileReference; explicitFileType = undefined; fileEncoding = 9; includeInIndex = 0; lastKnownFileType = unknown; name = "NunitoSans-Bold.ttf"; path = "../src/Assets/Fonts/NunitoSans-Bold.ttf"; sourceTree = "<group>"; };
		5D22F11CE3C74711A3045726 /* Nunito-Regular.ttf */ = {isa = PBXFileReference; explicitFileType = undefined; fileEncoding = 9; includeInIndex = 0; lastKnownFileType = unknown; name = "Nunito-Regular.ttf"; path = "../src/Assets/Fonts/Nunito-Regular.ttf"; sourceTree = "<group>"; };
		5DD35C3E3D9CC5B12A4B5F60 /* Pods-pharmx-tvOS.release.xcconfig */ = {isa = PBXFileReference; includeInIndex = 1; lastKnownFileType = text.xcconfig; name = "Pods-pharmx-tvOS.release.xcconfig"; path = "Target Support Files/Pods-pharmx-tvOS/Pods-pharmx-tvOS.release.xcconfig"; sourceTree = "<group>"; };
		6B0BB36325A461BF00793E5E /* pharmxDebug.entitlements */ = {isa = PBXFileReference; lastKnownFileType = text.plist.entitlements; name = pharmxDebug.entitlements; path = pharmx/pharmxDebug.entitlements; sourceTree = "<group>"; };
		6DD82B284C1041718B6657DD /* NunitoSans-ExtraLight.ttf */ = {isa = PBXFileReference; explicitFileType = undefined; fileEncoding = 9; includeInIndex = 0; lastKnownFileType = unknown; name = "NunitoSans-ExtraLight.ttf"; path = "../src/Assets/Fonts/NunitoSans-ExtraLight.ttf"; sourceTree = "<group>"; };
		7A03B44A9C8A46AC9C21D32E /* Nunito-Bold.ttf */ = {isa = PBXFileReference; explicitFileType = undefined; fileEncoding = 9; includeInIndex = 0; lastKnownFileType = unknown; name = "Nunito-Bold.ttf"; path = "../src/Assets/Fonts/Nunito-Bold.ttf"; sourceTree = "<group>"; };
		7A30A5F3F4B71CE0576C2347 /* Pods-pharmx-tvOS.debug.xcconfig */ = {isa = PBXFileReference; includeInIndex = 1; lastKnownFileType = text.xcconfig; name = "Pods-pharmx-tvOS.debug.xcconfig"; path = "Target Support Files/Pods-pharmx-tvOS/Pods-pharmx-tvOS.debug.xcconfig"; sourceTree = "<group>"; };
		81AB9BB72411601600AC10FF /* LaunchScreen.storyboard */ = {isa = PBXFileReference; fileEncoding = 4; lastKnownFileType = file.storyboard; name = LaunchScreen.storyboard; path = pharmx/LaunchScreen.storyboard; sourceTree = "<group>"; };
		82287885E1968966E3A6D6C9 /* Pods-pharmx-pharmxTests.release.xcconfig */ = {isa = PBXFileReference; includeInIndex = 1; lastKnownFileType = text.xcconfig; name = "Pods-pharmx-pharmxTests.release.xcconfig"; path = "Target Support Files/Pods-pharmx-pharmxTests/Pods-pharmx-pharmxTests.release.xcconfig"; sourceTree = "<group>"; };
		8A1943F7EE5A48CF98CB7F98 /* NunitoSans-Regular.ttf */ = {isa = PBXFileReference; explicitFileType = undefined; fileEncoding = 9; includeInIndex = 0; lastKnownFileType = unknown; name = "NunitoSans-Regular.ttf"; path = "../src/Assets/Fonts/NunitoSans-Regular.ttf"; sourceTree = "<group>"; };
		8DAE944FCB50442BAC3867D2 /* Nunito-Light.ttf */ = {isa = PBXFileReference; explicitFileType = undefined; fileEncoding = 9; includeInIndex = 0; lastKnownFileType = unknown; name = "Nunito-Light.ttf"; path = "../src/Assets/Fonts/Nunito-Light.ttf"; sourceTree = "<group>"; };
		8E0FB93481A149F9A0333785 /* SFUIDisplay-Regular.ttf */ = {isa = PBXFileReference; explicitFileType = undefined; fileEncoding = 9; includeInIndex = 0; lastKnownFileType = unknown; name = "SFUIDisplay-Regular.ttf"; path = "../src/Assets/Fonts/SFUIDisplay-Regular.ttf"; sourceTree = "<group>"; };
		9ABA4384308E32B2DDD9DA54 /* libPods-pharmx.a */ = {isa = PBXFileReference; explicitFileType = archive.ar; includeInIndex = 0; path = "libPods-pharmx.a"; sourceTree = BUILT_PRODUCTS_DIR; };
		A4A3AF4A5D9341E282885033 /* SFUIDisplay-Semibold.ttf */ = {isa = PBXFileReference; explicitFileType = undefined; fileEncoding = 9; includeInIndex = 0; lastKnownFileType = unknown; name = "SFUIDisplay-Semibold.ttf"; path = "../src/Assets/Fonts/SFUIDisplay-Semibold.ttf"; sourceTree = "<group>"; };
		A51B678132F847C9AB539331 /* Nunito-ExtraBold.ttf */ = {isa = PBXFileReference; explicitFileType = undefined; fileEncoding = 9; includeInIndex = 0; lastKnownFileType = unknown; name = "Nunito-ExtraBold.ttf"; path = "../src/Assets/Fonts/Nunito-ExtraBold.ttf"; sourceTree = "<group>"; };
		A813C5DA38EC49E59C0CDB47 /* SFUIDisplay-Black.ttf */ = {isa = PBXFileReference; explicitFileType = undefined; fileEncoding = 9; includeInIndex = 0; lastKnownFileType = unknown; name = "SFUIDisplay-Black.ttf"; path = "../src/Assets/Fonts/SFUIDisplay-Black.ttf"; sourceTree = "<group>"; };
		AD90923F046F4717AF3578B7 /* Nunito-ExtraLight.ttf */ = {isa = PBXFileReference; explicitFileType = undefined; fileEncoding = 9; includeInIndex = 0; lastKnownFileType = unknown; name = "Nunito-ExtraLight.ttf"; path = "../src/Assets/Fonts/Nunito-ExtraLight.ttf"; sourceTree = "<group>"; };
		D6B00CC8F72346A29D271201 /* NunitoSans-ExtraBold.ttf */ = {isa = PBXFileReference; explicitFileType = undefined; fileEncoding = 9; includeInIndex = 0; lastKnownFileType = unknown; name = "NunitoSans-ExtraBold.ttf"; path = "../src/Assets/Fonts/NunitoSans-ExtraBold.ttf"; sourceTree = "<group>"; };
		D90DB1C768A3437AAF4360E8 /* Nunito-SemiBoldItalic.ttf */ = {isa = PBXFileReference; explicitFileType = undefined; fileEncoding = 9; includeInIndex = 0; lastKnownFileType = unknown; name = "Nunito-SemiBoldItalic.ttf"; path = "../src/Assets/Fonts/Nunito-SemiBoldItalic.ttf"; sourceTree = "<group>"; };
		ED297162215061F000B7C4FE /* JavaScriptCore.framework */ = {isa = PBXFileReference; lastKnownFileType = wrapper.framework; name = JavaScriptCore.framework; path = System/Library/Frameworks/JavaScriptCore.framework; sourceTree = SDKROOT; };
		ED2971642150620600B7C4FE /* JavaScriptCore.framework */ = {isa = PBXFileReference; lastKnownFileType = wrapper.framework; name = JavaScriptCore.framework; path = Platforms/AppleTVOS.platform/Developer/SDKs/AppleTVOS12.0.sdk/System/Library/Frameworks/JavaScriptCore.framework; sourceTree = DEVELOPER_DIR; };
		F68290F3F245C0915EA08FDA /* Pods-pharmx-tvOSTests.release.xcconfig */ = {isa = PBXFileReference; includeInIndex = 1; lastKnownFileType = text.xcconfig; name = "Pods-pharmx-tvOSTests.release.xcconfig"; path = "Target Support Files/Pods-pharmx-tvOSTests/Pods-pharmx-tvOSTests.release.xcconfig"; sourceTree = "<group>"; };
		F6B5C7A758B04E29B1858569 /* Nunito-SemiBold.ttf */ = {isa = PBXFileReference; explicitFileType = undefined; fileEncoding = 9; includeInIndex = 0; lastKnownFileType = unknown; name = "Nunito-SemiBold.ttf"; path = "../src/Assets/Fonts/Nunito-SemiBold.ttf"; sourceTree = "<group>"; };
/* End PBXFileReference section */

/* Begin PBXFrameworksBuildPhase section */
		00E356EB1AD99517003FC87E /* Frameworks */ = {
			isa = PBXFrameworksBuildPhase;
			buildActionMask = 2147483647;
			files = (
				4798A84ADB6C119F135F87DC /* libPods-pharmx-pharmxTests.a in Frameworks */,
			);
			runOnlyForDeploymentPostprocessing = 0;
		};
		13B07F8C1A680F5B00A75B9A /* Frameworks */ = {
			isa = PBXFrameworksBuildPhase;
			buildActionMask = 2147483647;
			files = (
				B8F7C62D37CF57EA48A3D6D2 /* libPods-pharmx.a in Frameworks */,
			);
			runOnlyForDeploymentPostprocessing = 0;
		};
		2D02E4781E0B4A5D006451C7 /* Frameworks */ = {
			isa = PBXFrameworksBuildPhase;
			buildActionMask = 2147483647;
			files = (
				944E9FC99FDBEFE37B098EAF /* libPods-pharmx-tvOS.a in Frameworks */,
			);
			runOnlyForDeploymentPostprocessing = 0;
		};
		2D02E48D1E0B4A5D006451C7 /* Frameworks */ = {
			isa = PBXFrameworksBuildPhase;
			buildActionMask = 2147483647;
			files = (
				063C54120E39F53DE3624F0B /* libPods-pharmx-tvOSTests.a in Frameworks */,
			);
			runOnlyForDeploymentPostprocessing = 0;
		};
/* End PBXFrameworksBuildPhase section */

/* Begin PBXGroup section */
		00E356EF1AD99517003FC87E /* pharmxTests */ = {
			isa = PBXGroup;
			children = (
				00E356F21AD99517003FC87E /* pharmxTests.m */,
				00E356F01AD99517003FC87E /* Supporting Files */,
			);
			path = pharmxTests;
			sourceTree = "<group>";
		};
		00E356F01AD99517003FC87E /* Supporting Files */ = {
			isa = PBXGroup;
			children = (
				00E356F11AD99517003FC87E /* Info.plist */,
			);
			name = "Supporting Files";
			sourceTree = "<group>";
		};
		13B07FAE1A68108700A75B9A /* pharmx */ = {
			isa = PBXGroup;
			children = (
				6B0BB36325A461BF00793E5E /* pharmxDebug.entitlements */,
				13B07FAF1A68108700A75B9A /* AppDelegate.h */,
				13B07FB01A68108700A75B9A /* AppDelegate.m */,
				13B07FB51A68108700A75B9A /* Images.xcassets */,
				13B07FB61A68108700A75B9A /* Info.plist */,
				81AB9BB72411601600AC10FF /* LaunchScreen.storyboard */,
				13B07FB71A68108700A75B9A /* main.m */,
			);
			name = pharmx;
			sourceTree = "<group>";
		};
		2D16E6871FA4F8E400B85C8A /* Frameworks */ = {
			isa = PBXGroup;
			children = (
				ED297162215061F000B7C4FE /* JavaScriptCore.framework */,
				ED2971642150620600B7C4FE /* JavaScriptCore.framework */,
				9ABA4384308E32B2DDD9DA54 /* libPods-pharmx.a */,
				2C24703A23269CBAFB3E1C94 /* libPods-pharmx-pharmxTests.a */,
				51B9F08D28B79AB5D813A151 /* libPods-pharmx-tvOS.a */,
				06E71507D04F751115AB5A15 /* libPods-pharmx-tvOSTests.a */,
			);
			name = Frameworks;
			sourceTree = "<group>";
		};
		4D3F6F7096E241343E259273 /* Pods */ = {
			isa = PBXGroup;
			children = (
				04E9E8D7DFA26C2AA7B6E654 /* Pods-pharmx.debug.xcconfig */,
				1BFDBE7DD9D1651DF64A33A2 /* Pods-pharmx.release.xcconfig */,
				530281B2C38E78F1A254332D /* Pods-pharmx-pharmxTests.debug.xcconfig */,
				82287885E1968966E3A6D6C9 /* Pods-pharmx-pharmxTests.release.xcconfig */,
				7A30A5F3F4B71CE0576C2347 /* Pods-pharmx-tvOS.debug.xcconfig */,
				5DD35C3E3D9CC5B12A4B5F60 /* Pods-pharmx-tvOS.release.xcconfig */,
				39AE9A0E43031AF27FDD6C39 /* Pods-pharmx-tvOSTests.debug.xcconfig */,
				F68290F3F245C0915EA08FDA /* Pods-pharmx-tvOSTests.release.xcconfig */,
			);
			path = Pods;
			sourceTree = "<group>";
		};
		832341AE1AAA6A7D00B99B32 /* Libraries */ = {
			isa = PBXGroup;
			children = (
			);
			name = Libraries;
			sourceTree = "<group>";
		};
		83CBB9F61A601CBA00E9B192 = {
			isa = PBXGroup;
			children = (
				13B07FAE1A68108700A75B9A /* pharmx */,
				832341AE1AAA6A7D00B99B32 /* Libraries */,
				00E356EF1AD99517003FC87E /* pharmxTests */,
				83CBBA001A601CBA00E9B192 /* Products */,
				2D16E6871FA4F8E400B85C8A /* Frameworks */,
				4D3F6F7096E241343E259273 /* Pods */,
				990C6FE050EF4BA493A24D33 /* Resources */,
			);
			indentWidth = 2;
			sourceTree = "<group>";
			tabWidth = 2;
			usesTabs = 0;
		};
		83CBBA001A601CBA00E9B192 /* Products */ = {
			isa = PBXGroup;
			children = (
				13B07F961A680F5B00A75B9A /* pharmx.app */,
				00E356EE1AD99517003FC87E /* pharmxTests.xctest */,
				2D02E47B1E0B4A5D006451C7 /* pharmx-tvOS.app */,
				2D02E4901E0B4A5D006451C7 /* pharmx-tvOSTests.xctest */,
			);
			name = Products;
			sourceTree = "<group>";
		};
		990C6FE050EF4BA493A24D33 /* Resources */ = {
			isa = PBXGroup;
			children = (
				A813C5DA38EC49E59C0CDB47 /* SFUIDisplay-Black.ttf */,
				0F846BBA8B784AA7820B8F5D /* SFUIDisplay-Bold.ttf */,
				27296978B4084271B1804F84 /* SFUIDisplay-Heavy.ttf */,
				2736072D4FED42D087A52DDC /* SFUIDisplay-Light.ttf */,
				4484CB38B4114BFF99E5A7DF /* SFUIDisplay-Medium.ttf */,
				8E0FB93481A149F9A0333785 /* SFUIDisplay-Regular.ttf */,
				A4A3AF4A5D9341E282885033 /* SFUIDisplay-Semibold.ttf */,
				14079F3DA41C4A4580E3588A /* SFUIText-Bold.ttf */,
				1F2829C604F3420AA53B5C98 /* Nunito-Black.ttf */,
				7A03B44A9C8A46AC9C21D32E /* Nunito-Bold.ttf */,
				A51B678132F847C9AB539331 /* Nunito-ExtraBold.ttf */,
				AD90923F046F4717AF3578B7 /* Nunito-ExtraLight.ttf */,
				8DAE944FCB50442BAC3867D2 /* Nunito-Light.ttf */,
				5D22F11CE3C74711A3045726 /* Nunito-Regular.ttf */,
				F6B5C7A758B04E29B1858569 /* Nunito-SemiBold.ttf */,
				D90DB1C768A3437AAF4360E8 /* Nunito-SemiBoldItalic.ttf */,
				3972578AA35F4BE791CF9EDA /* NunitoSans-Black.ttf */,
				5CA97B78AF7043AAAAAB1DFC /* NunitoSans-Bold.ttf */,
				D6B00CC8F72346A29D271201 /* NunitoSans-ExtraBold.ttf */,
				6DD82B284C1041718B6657DD /* NunitoSans-ExtraLight.ttf */,
				2EAFA4FF7E284752B2DF1A0C /* NunitoSans-Light.ttf */,
				8A1943F7EE5A48CF98CB7F98 /* NunitoSans-Regular.ttf */,
				0CCF7C91F3324F4BB8396BB8 /* NunitoSans-SemiBold.ttf */,
			);
			name = Resources;
			sourceTree = "<group>";
		};
/* End PBXGroup section */

/* Begin PBXNativeTarget section */
		00E356ED1AD99517003FC87E /* pharmxTests */ = {
			isa = PBXNativeTarget;
			buildConfigurationList = 00E357021AD99517003FC87E /* Build configuration list for PBXNativeTarget "pharmxTests" */;
			buildPhases = (
				F3560AC58097935D8870D3E5 /* [CP] Check Pods Manifest.lock */,
				00E356EA1AD99517003FC87E /* Sources */,
				00E356EB1AD99517003FC87E /* Frameworks */,
				00E356EC1AD99517003FC87E /* Resources */,
				7FB154A69ADA5F49AD4E30E4 /* [CP] Copy Pods Resources */,
			);
			buildRules = (
			);
			dependencies = (
				00E356F51AD99517003FC87E /* PBXTargetDependency */,
			);
			name = pharmxTests;
			productName = pharmxTests;
			productReference = 00E356EE1AD99517003FC87E /* pharmxTests.xctest */;
			productType = "com.apple.product-type.bundle.unit-test";
		};
		13B07F861A680F5B00A75B9A /* pharmx */ = {
			isa = PBXNativeTarget;
			buildConfigurationList = 13B07F931A680F5B00A75B9A /* Build configuration list for PBXNativeTarget "pharmx" */;
			buildPhases = (
				1490757835D2EB2FA5EFE916 /* [CP] Check Pods Manifest.lock */,
				FD10A7F022414F080027D42C /* Start Packager */,
				13B07F871A680F5B00A75B9A /* Sources */,
				13B07F8C1A680F5B00A75B9A /* Frameworks */,
				13B07F8E1A680F5B00A75B9A /* Resources */,
				00DD1BFF1BD5951E006B06BC /* Bundle React Native code and images */,
				C7A9864ECC449CCC292D8637 /* [CP] Copy Pods Resources */,
			);
			buildRules = (
			);
			dependencies = (
			);
			name = pharmx;
			productName = pharmx;
			productReference = 13B07F961A680F5B00A75B9A /* pharmx.app */;
			productType = "com.apple.product-type.application";
		};
		2D02E47A1E0B4A5D006451C7 /* pharmx-tvOS */ = {
			isa = PBXNativeTarget;
			buildConfigurationList = 2D02E4BA1E0B4A5E006451C7 /* Build configuration list for PBXNativeTarget "pharmx-tvOS" */;
			buildPhases = (
				81BB7E9EA159413752F83C69 /* [CP] Check Pods Manifest.lock */,
				FD10A7F122414F3F0027D42C /* Start Packager */,
				2D02E4771E0B4A5D006451C7 /* Sources */,
				2D02E4781E0B4A5D006451C7 /* Frameworks */,
				2D02E4791E0B4A5D006451C7 /* Resources */,
				2D02E4CB1E0B4B27006451C7 /* Bundle React Native Code And Images */,
			);
			buildRules = (
			);
			dependencies = (
			);
			name = "pharmx-tvOS";
			productName = "pharmx-tvOS";
			productReference = 2D02E47B1E0B4A5D006451C7 /* pharmx-tvOS.app */;
			productType = "com.apple.product-type.application";
		};
		2D02E48F1E0B4A5D006451C7 /* pharmx-tvOSTests */ = {
			isa = PBXNativeTarget;
			buildConfigurationList = 2D02E4BB1E0B4A5E006451C7 /* Build configuration list for PBXNativeTarget "pharmx-tvOSTests" */;
			buildPhases = (
				C5032358732F1ED7C7E0FC5D /* [CP] Check Pods Manifest.lock */,
				2D02E48C1E0B4A5D006451C7 /* Sources */,
				2D02E48D1E0B4A5D006451C7 /* Frameworks */,
				2D02E48E1E0B4A5D006451C7 /* Resources */,
			);
			buildRules = (
			);
			dependencies = (
				2D02E4921E0B4A5D006451C7 /* PBXTargetDependency */,
			);
			name = "pharmx-tvOSTests";
			productName = "pharmx-tvOSTests";
			productReference = 2D02E4901E0B4A5D006451C7 /* pharmx-tvOSTests.xctest */;
			productType = "com.apple.product-type.bundle.unit-test";
		};
/* End PBXNativeTarget section */

/* Begin PBXProject section */
		83CBB9F71A601CBA00E9B192 /* Project object */ = {
			isa = PBXProject;
			attributes = {
				LastUpgradeCheck = 1130;
				TargetAttributes = {
					00E356ED1AD99517003FC87E = {
						CreatedOnToolsVersion = 6.2;
						TestTargetID = 13B07F861A680F5B00A75B9A;
					};
					13B07F861A680F5B00A75B9A = {
						DevelopmentTeam = WGB383LZXN;
						LastSwiftMigration = 1120;
						ProvisioningStyle = Manual;
					};
					2D02E47A1E0B4A5D006451C7 = {
						CreatedOnToolsVersion = 8.2.1;
						ProvisioningStyle = Automatic;
					};
					2D02E48F1E0B4A5D006451C7 = {
						CreatedOnToolsVersion = 8.2.1;
						ProvisioningStyle = Automatic;
						TestTargetID = 2D02E47A1E0B4A5D006451C7;
					};
				};
			};
			buildConfigurationList = 83CBB9FA1A601CBA00E9B192 /* Build configuration list for PBXProject "pharmx" */;
			compatibilityVersion = "Xcode 3.2";
			developmentRegion = en;
			hasScannedForEncodings = 0;
			knownRegions = (
				en,
				Base,
			);
			mainGroup = 83CBB9F61A601CBA00E9B192;
			productRefGroup = 83CBBA001A601CBA00E9B192 /* Products */;
			projectDirPath = "";
			projectRoot = "";
			targets = (
				13B07F861A680F5B00A75B9A /* pharmx */,
				00E356ED1AD99517003FC87E /* pharmxTests */,
				2D02E47A1E0B4A5D006451C7 /* pharmx-tvOS */,
				2D02E48F1E0B4A5D006451C7 /* pharmx-tvOSTests */,
			);
		};
/* End PBXProject section */

/* Begin PBXResourcesBuildPhase section */
		00E356EC1AD99517003FC87E /* Resources */ = {
			isa = PBXResourcesBuildPhase;
			buildActionMask = 2147483647;
			files = (
			);
			runOnlyForDeploymentPostprocessing = 0;
		};
		13B07F8E1A680F5B00A75B9A /* Resources */ = {
			isa = PBXResourcesBuildPhase;
			buildActionMask = 2147483647;
			files = (
				81AB9BB82411601600AC10FF /* LaunchScreen.storyboard in Resources */,
				13B07FBF1A68108700A75B9A /* Images.xcassets in Resources */,
				5DF01D73D6FF4FE3AC0DE2E1 /* SFUIDisplay-Black.ttf in Resources */,
				E4942D8609124263A5E12BAD /* SFUIDisplay-Bold.ttf in Resources */,
				105A220CA99C43B8A28341FA /* SFUIDisplay-Heavy.ttf in Resources */,
				8AAB7CB701C24E2398EF1B80 /* SFUIDisplay-Light.ttf in Resources */,
				33B7609162854B779E2FC551 /* SFUIDisplay-Medium.ttf in Resources */,
				7D28FF16EFE442769F8C83F2 /* SFUIDisplay-Regular.ttf in Resources */,
				FEDE99F1E3384EF3881C21CB /* SFUIDisplay-Semibold.ttf in Resources */,
				2C6F5316184B4EDF82FF02AB /* SFUIText-Bold.ttf in Resources */,
				0652BECC7ABB4EDA92556256 /* Nunito-Black.ttf in Resources */,
				02B3C6B3437D40D5ADEE43BD /* Nunito-Bold.ttf in Resources */,
				8F7C5284E95945FCAE9F57EC /* Nunito-ExtraBold.ttf in Resources */,
				D1EBCC9C964B4CFD9D6B5FB9 /* Nunito-ExtraLight.ttf in Resources */,
				5E9CEE59A6014C23AA4F3F01 /* Nunito-Light.ttf in Resources */,
				4AE1224228B94AF2AD94FDA4 /* Nunito-Regular.ttf in Resources */,
				632DA35506534220BD347F4A /* Nunito-SemiBold.ttf in Resources */,
				FF842C4DD4574C8FB3CF2B8F /* Nunito-SemiBoldItalic.ttf in Resources */,
				528EC0F772CA411C9A7BBF64 /* NunitoSans-Black.ttf in Resources */,
				FE47B34ABABA4412A0FAC3EB /* NunitoSans-Bold.ttf in Resources */,
				DB4E53C6CA27445A83D7033C /* NunitoSans-ExtraBold.ttf in Resources */,
				05D02E6A6FD94AC9829DAE4A /* NunitoSans-ExtraLight.ttf in Resources */,
				E10934B290314589BE18FE00 /* NunitoSans-Light.ttf in Resources */,
				35D9EBC8A4584D0CB2496745 /* NunitoSans-Regular.ttf in Resources */,
				D971C3FDE723479080A36983 /* NunitoSans-SemiBold.ttf in Resources */,
			);
			runOnlyForDeploymentPostprocessing = 0;
		};
		2D02E4791E0B4A5D006451C7 /* Resources */ = {
			isa = PBXResourcesBuildPhase;
			buildActionMask = 2147483647;
			files = (
				2D02E4BD1E0B4A84006451C7 /* Images.xcassets in Resources */,
			);
			runOnlyForDeploymentPostprocessing = 0;
		};
		2D02E48E1E0B4A5D006451C7 /* Resources */ = {
			isa = PBXResourcesBuildPhase;
			buildActionMask = 2147483647;
			files = (
			);
			runOnlyForDeploymentPostprocessing = 0;
		};
/* End PBXResourcesBuildPhase section */

/* Begin PBXShellScriptBuildPhase section */
		00DD1BFF1BD5951E006B06BC /* Bundle React Native code and images */ = {
			isa = PBXShellScriptBuildPhase;
			buildActionMask = 2147483647;
			files = (
			);
			inputPaths = (
			);
			name = "Bundle React Native code and images";
			outputPaths = (
			);
			runOnlyForDeploymentPostprocessing = 0;
			shellPath = /bin/sh;
			shellScript = "export NODE_BINARY=node\n../node_modules/react-native/scripts/react-native-xcode.sh";
		};
		1490757835D2EB2FA5EFE916 /* [CP] Check Pods Manifest.lock */ = {
			isa = PBXShellScriptBuildPhase;
			buildActionMask = 2147483647;
			files = (
			);
			inputFileListPaths = (
			);
			inputPaths = (
				"${PODS_PODFILE_DIR_PATH}/Podfile.lock",
				"${PODS_ROOT}/Manifest.lock",
			);
			name = "[CP] Check Pods Manifest.lock";
			outputFileListPaths = (
			);
			outputPaths = (
				"$(DERIVED_FILE_DIR)/Pods-pharmx-checkManifestLockResult.txt",
			);
			runOnlyForDeploymentPostprocessing = 0;
			shellPath = /bin/sh;
			shellScript = "diff \"${PODS_PODFILE_DIR_PATH}/Podfile.lock\" \"${PODS_ROOT}/Manifest.lock\" > /dev/null\nif [ $? != 0 ] ; then\n    # print error to STDERR\n    echo \"error: The sandbox is not in sync with the Podfile.lock. Run 'pod install' or update your CocoaPods installation.\" >&2\n    exit 1\nfi\n# This output is used by Xcode 'outputs' to avoid re-running this script phase.\necho \"SUCCESS\" > \"${SCRIPT_OUTPUT_FILE_0}\"\n";
			showEnvVarsInLog = 0;
		};
		2D02E4CB1E0B4B27006451C7 /* Bundle React Native Code And Images */ = {
			isa = PBXShellScriptBuildPhase;
			buildActionMask = 2147483647;
			files = (
			);
			inputPaths = (
			);
			name = "Bundle React Native Code And Images";
			outputPaths = (
			);
			runOnlyForDeploymentPostprocessing = 0;
			shellPath = /bin/sh;
			shellScript = "export NODE_BINARY=node\n../node_modules/react-native/scripts/react-native-xcode.sh";
		};
		7FB154A69ADA5F49AD4E30E4 /* [CP] Copy Pods Resources */ = {
			isa = PBXShellScriptBuildPhase;
			buildActionMask = 2147483647;
			files = (
			);
			inputPaths = (
				"${PODS_ROOT}/Target Support Files/Pods-pharmx-pharmxTests/Pods-pharmx-pharmxTests-resources.sh",
				"${PODS_ROOT}/GoogleSignIn/Resources/GoogleSignIn.bundle",
				"${PODS_CONFIGURATION_BUILD_DIR}/RNImageCropPicker/QBImagePicker.bundle",
				"${PODS_CONFIGURATION_BUILD_DIR}/React-Core/AccessibilityResources.bundle",
				"${PODS_CONFIGURATION_BUILD_DIR}/TOCropViewController/TOCropViewControllerBundle.bundle",
			);
			name = "[CP] Copy Pods Resources";
			outputPaths = (
				"${TARGET_BUILD_DIR}/${UNLOCALIZED_RESOURCES_FOLDER_PATH}/GoogleSignIn.bundle",
				"${TARGET_BUILD_DIR}/${UNLOCALIZED_RESOURCES_FOLDER_PATH}/QBImagePicker.bundle",
				"${TARGET_BUILD_DIR}/${UNLOCALIZED_RESOURCES_FOLDER_PATH}/AccessibilityResources.bundle",
				"${TARGET_BUILD_DIR}/${UNLOCALIZED_RESOURCES_FOLDER_PATH}/TOCropViewControllerBundle.bundle",
			);
			runOnlyForDeploymentPostprocessing = 0;
			shellPath = /bin/sh;
			shellScript = "\"${PODS_ROOT}/Target Support Files/Pods-pharmx-pharmxTests/Pods-pharmx-pharmxTests-resources.sh\"\n";
			showEnvVarsInLog = 0;
		};
		81BB7E9EA159413752F83C69 /* [CP] Check Pods Manifest.lock */ = {
			isa = PBXShellScriptBuildPhase;
			buildActionMask = 2147483647;
			files = (
			);
			inputFileListPaths = (
			);
			inputPaths = (
				"${PODS_PODFILE_DIR_PATH}/Podfile.lock",
				"${PODS_ROOT}/Manifest.lock",
			);
			name = "[CP] Check Pods Manifest.lock";
			outputFileListPaths = (
			);
			outputPaths = (
				"$(DERIVED_FILE_DIR)/Pods-pharmx-tvOS-checkManifestLockResult.txt",
			);
			runOnlyForDeploymentPostprocessing = 0;
			shellPath = /bin/sh;
			shellScript = "diff \"${PODS_PODFILE_DIR_PATH}/Podfile.lock\" \"${PODS_ROOT}/Manifest.lock\" > /dev/null\nif [ $? != 0 ] ; then\n    # print error to STDERR\n    echo \"error: The sandbox is not in sync with the Podfile.lock. Run 'pod install' or update your CocoaPods installation.\" >&2\n    exit 1\nfi\n# This output is used by Xcode 'outputs' to avoid re-running this script phase.\necho \"SUCCESS\" > \"${SCRIPT_OUTPUT_FILE_0}\"\n";
			showEnvVarsInLog = 0;
		};
		C5032358732F1ED7C7E0FC5D /* [CP] Check Pods Manifest.lock */ = {
			isa = PBXShellScriptBuildPhase;
			buildActionMask = 2147483647;
			files = (
			);
			inputFileListPaths = (
			);
			inputPaths = (
				"${PODS_PODFILE_DIR_PATH}/Podfile.lock",
				"${PODS_ROOT}/Manifest.lock",
			);
			name = "[CP] Check Pods Manifest.lock";
			outputFileListPaths = (
			);
			outputPaths = (
				"$(DERIVED_FILE_DIR)/Pods-pharmx-tvOSTests-checkManifestLockResult.txt",
			);
			runOnlyForDeploymentPostprocessing = 0;
			shellPath = /bin/sh;
			shellScript = "diff \"${PODS_PODFILE_DIR_PATH}/Podfile.lock\" \"${PODS_ROOT}/Manifest.lock\" > /dev/null\nif [ $? != 0 ] ; then\n    # print error to STDERR\n    echo \"error: The sandbox is not in sync with the Podfile.lock. Run 'pod install' or update your CocoaPods installation.\" >&2\n    exit 1\nfi\n# This output is used by Xcode 'outputs' to avoid re-running this script phase.\necho \"SUCCESS\" > \"${SCRIPT_OUTPUT_FILE_0}\"\n";
			showEnvVarsInLog = 0;
		};
		C7A9864ECC449CCC292D8637 /* [CP] Copy Pods Resources */ = {
			isa = PBXShellScriptBuildPhase;
			buildActionMask = 2147483647;
			files = (
			);
			inputPaths = (
				"${PODS_ROOT}/Target Support Files/Pods-pharmx/Pods-pharmx-resources.sh",
				"${PODS_ROOT}/GoogleSignIn/Resources/GoogleSignIn.bundle",
				"${PODS_CONFIGURATION_BUILD_DIR}/RNImageCropPicker/QBImagePicker.bundle",
				"${PODS_CONFIGURATION_BUILD_DIR}/React-Core/AccessibilityResources.bundle",
				"${PODS_CONFIGURATION_BUILD_DIR}/TOCropViewController/TOCropViewControllerBundle.bundle",
			);
			name = "[CP] Copy Pods Resources";
			outputPaths = (
				"${TARGET_BUILD_DIR}/${UNLOCALIZED_RESOURCES_FOLDER_PATH}/GoogleSignIn.bundle",
				"${TARGET_BUILD_DIR}/${UNLOCALIZED_RESOURCES_FOLDER_PATH}/QBImagePicker.bundle",
				"${TARGET_BUILD_DIR}/${UNLOCALIZED_RESOURCES_FOLDER_PATH}/AccessibilityResources.bundle",
				"${TARGET_BUILD_DIR}/${UNLOCALIZED_RESOURCES_FOLDER_PATH}/TOCropViewControllerBundle.bundle",
			);
			runOnlyForDeploymentPostprocessing = 0;
			shellPath = /bin/sh;
			shellScript = "\"${PODS_ROOT}/Target Support Files/Pods-pharmx/Pods-pharmx-resources.sh\"\n";
			showEnvVarsInLog = 0;
		};
		F3560AC58097935D8870D3E5 /* [CP] Check Pods Manifest.lock */ = {
			isa = PBXShellScriptBuildPhase;
			buildActionMask = 2147483647;
			files = (
			);
			inputFileListPaths = (
			);
			inputPaths = (
				"${PODS_PODFILE_DIR_PATH}/Podfile.lock",
				"${PODS_ROOT}/Manifest.lock",
			);
			name = "[CP] Check Pods Manifest.lock";
			outputFileListPaths = (
			);
			outputPaths = (
				"$(DERIVED_FILE_DIR)/Pods-pharmx-pharmxTests-checkManifestLockResult.txt",
			);
			runOnlyForDeploymentPostprocessing = 0;
			shellPath = /bin/sh;
			shellScript = "diff \"${PODS_PODFILE_DIR_PATH}/Podfile.lock\" \"${PODS_ROOT}/Manifest.lock\" > /dev/null\nif [ $? != 0 ] ; then\n    # print error to STDERR\n    echo \"error: The sandbox is not in sync with the Podfile.lock. Run 'pod install' or update your CocoaPods installation.\" >&2\n    exit 1\nfi\n# This output is used by Xcode 'outputs' to avoid re-running this script phase.\necho \"SUCCESS\" > \"${SCRIPT_OUTPUT_FILE_0}\"\n";
			showEnvVarsInLog = 0;
		};
		FD10A7F022414F080027D42C /* Start Packager */ = {
			isa = PBXShellScriptBuildPhase;
			buildActionMask = 2147483647;
			files = (
			);
			inputFileListPaths = (
			);
			inputPaths = (
			);
			name = "Start Packager";
			outputFileListPaths = (
			);
			outputPaths = (
			);
			runOnlyForDeploymentPostprocessing = 0;
			shellPath = /bin/sh;
			shellScript = "export RCT_METRO_PORT=\"${RCT_METRO_PORT:=8081}\"\necho \"export RCT_METRO_PORT=${RCT_METRO_PORT}\" > \"${SRCROOT}/../node_modules/react-native/scripts/.packager.env\"\nif [ -z \"${RCT_NO_LAUNCH_PACKAGER+xxx}\" ] ; then\n  if nc -w 5 -z localhost ${RCT_METRO_PORT} ; then\n    if ! curl -s \"http://localhost:${RCT_METRO_PORT}/status\" | grep -q \"packager-status:running\" ; then\n      echo \"Port ${RCT_METRO_PORT} already in use, packager is either not running or not running correctly\"\n      exit 2\n    fi\n  else\n    open \"$SRCROOT/../node_modules/react-native/scripts/launchPackager.command\" || echo \"Can't start packager automatically\"\n  fi\nfi\n";
			showEnvVarsInLog = 0;
		};
		FD10A7F122414F3F0027D42C /* Start Packager */ = {
			isa = PBXShellScriptBuildPhase;
			buildActionMask = 2147483647;
			files = (
			);
			inputFileListPaths = (
			);
			inputPaths = (
			);
			name = "Start Packager";
			outputFileListPaths = (
			);
			outputPaths = (
			);
			runOnlyForDeploymentPostprocessing = 0;
			shellPath = /bin/sh;
			shellScript = "export RCT_METRO_PORT=\"${RCT_METRO_PORT:=8081}\"\necho \"export RCT_METRO_PORT=${RCT_METRO_PORT}\" > \"${SRCROOT}/../node_modules/react-native/scripts/.packager.env\"\nif [ -z \"${RCT_NO_LAUNCH_PACKAGER+xxx}\" ] ; then\n  if nc -w 5 -z localhost ${RCT_METRO_PORT} ; then\n    if ! curl -s \"http://localhost:${RCT_METRO_PORT}/status\" | grep -q \"packager-status:running\" ; then\n      echo \"Port ${RCT_METRO_PORT} already in use, packager is either not running or not running correctly\"\n      exit 2\n    fi\n  else\n    open \"$SRCROOT/../node_modules/react-native/scripts/launchPackager.command\" || echo \"Can't start packager automatically\"\n  fi\nfi\n";
			showEnvVarsInLog = 0;
		};
/* End PBXShellScriptBuildPhase section */

/* Begin PBXSourcesBuildPhase section */
		00E356EA1AD99517003FC87E /* Sources */ = {
			isa = PBXSourcesBuildPhase;
			buildActionMask = 2147483647;
			files = (
				00E356F31AD99517003FC87E /* pharmxTests.m in Sources */,
			);
			runOnlyForDeploymentPostprocessing = 0;
		};
		13B07F871A680F5B00A75B9A /* Sources */ = {
			isa = PBXSourcesBuildPhase;
			buildActionMask = 2147483647;
			files = (
				13B07FBC1A68108700A75B9A /* AppDelegate.m in Sources */,
				13B07FC11A68108700A75B9A /* main.m in Sources */,
			);
			runOnlyForDeploymentPostprocessing = 0;
		};
		2D02E4771E0B4A5D006451C7 /* Sources */ = {
			isa = PBXSourcesBuildPhase;
			buildActionMask = 2147483647;
			files = (
				2D02E4BF1E0B4AB3006451C7 /* main.m in Sources */,
				2D02E4BC1E0B4A80006451C7 /* AppDelegate.m in Sources */,
			);
			runOnlyForDeploymentPostprocessing = 0;
		};
		2D02E48C1E0B4A5D006451C7 /* Sources */ = {
			isa = PBXSourcesBuildPhase;
			buildActionMask = 2147483647;
			files = (
				2DCD954D1E0B4F2C00145EB5 /* pharmxTests.m in Sources */,
			);
			runOnlyForDeploymentPostprocessing = 0;
		};
/* End PBXSourcesBuildPhase section */

/* Begin PBXTargetDependency section */
		00E356F51AD99517003FC87E /* PBXTargetDependency */ = {
			isa = PBXTargetDependency;
			target = 13B07F861A680F5B00A75B9A /* pharmx */;
			targetProxy = 00E356F41AD99517003FC87E /* PBXContainerItemProxy */;
		};
		2D02E4921E0B4A5D006451C7 /* PBXTargetDependency */ = {
			isa = PBXTargetDependency;
			target = 2D02E47A1E0B4A5D006451C7 /* pharmx-tvOS */;
			targetProxy = 2D02E4911E0B4A5D006451C7 /* PBXContainerItemProxy */;
		};
/* End PBXTargetDependency section */

/* Begin XCBuildConfiguration section */
		00E356F61AD99517003FC87E /* Debug */ = {
			isa = XCBuildConfiguration;
			baseConfigurationReference = 530281B2C38E78F1A254332D /* Pods-pharmx-pharmxTests.debug.xcconfig */;
			buildSettings = {
				BUNDLE_LOADER = "$(TEST_HOST)";
				DEVELOPMENT_TEAM = "";
				GCC_PREPROCESSOR_DEFINITIONS = (
					"DEBUG=1",
					"$(inherited)",
				);
				INFOPLIST_FILE = pharmxTests/Info.plist;
				IPHONEOS_DEPLOYMENT_TARGET = 10.0;
				LD_RUNPATH_SEARCH_PATHS = "$(inherited) @executable_path/Frameworks @loader_path/Frameworks";
				OTHER_LDFLAGS = (
					"-ObjC",
					"-lc++",
					"$(inherited)",
				);
				PRODUCT_BUNDLE_IDENTIFIER = "org.reactjs.native.example.$(PRODUCT_NAME:rfc1034identifier)";
				PRODUCT_NAME = "$(TARGET_NAME)";
				TEST_HOST = "$(BUILT_PRODUCTS_DIR)/pharmx.app/pharmx";
			};
			name = Debug;
		};
		00E356F71AD99517003FC87E /* Release */ = {
			isa = XCBuildConfiguration;
			baseConfigurationReference = 82287885E1968966E3A6D6C9 /* Pods-pharmx-pharmxTests.release.xcconfig */;
			buildSettings = {
				BUNDLE_LOADER = "$(TEST_HOST)";
				COPY_PHASE_STRIP = NO;
				INFOPLIST_FILE = pharmxTests/Info.plist;
				IPHONEOS_DEPLOYMENT_TARGET = 10.0;
				LD_RUNPATH_SEARCH_PATHS = "$(inherited) @executable_path/Frameworks @loader_path/Frameworks";
				OTHER_LDFLAGS = (
					"-ObjC",
					"-lc++",
					"$(inherited)",
				);
				PRODUCT_BUNDLE_IDENTIFIER = "org.reactjs.native.example.$(PRODUCT_NAME:rfc1034identifier)";
				PRODUCT_NAME = "$(TARGET_NAME)";
				TEST_HOST = "$(BUILT_PRODUCTS_DIR)/pharmx.app/pharmx";
			};
			name = Release;
		};
		13B07F941A680F5B00A75B9A /* Debug */ = {
			isa = XCBuildConfiguration;
			baseConfigurationReference = 04E9E8D7DFA26C2AA7B6E654 /* Pods-pharmx.debug.xcconfig */;
			buildSettings = {
				ASSETCATALOG_COMPILER_APPICON_NAME = AppIcon;
				CLANG_ENABLE_MODULES = YES;
				CODE_SIGN_ENTITLEMENTS = pharmx/pharmxDebug.entitlements;
				CODE_SIGN_IDENTITY = "Apple Development: Kasim Hussain (3Y4BPH4G3M)";
				CODE_SIGN_STYLE = Manual;
				CURRENT_PROJECT_VERSION = 3;
				DEVELOPMENT_TEAM = WGB383LZXN;
				ENABLE_BITCODE = NO;
				INFOPLIST_FILE = pharmx/Info.plist;
				LD_RUNPATH_SEARCH_PATHS = "$(inherited) @executable_path/Frameworks";
				OTHER_LDFLAGS = (
					"$(inherited)",
					"-ObjC",
					"-lc++",
				);
				PRODUCT_BUNDLE_IDENTIFIER = com.pharmx.pharmx;
				PRODUCT_NAME = pharmx;
				PROVISIONING_PROFILE_SPECIFIER = PharmX_Prod;
				SWIFT_OPTIMIZATION_LEVEL = "-Onone";
				SWIFT_VERSION = 5.0;
				VERSIONING_SYSTEM = "apple-generic";
			};
			name = Debug;
		};
		13B07F951A680F5B00A75B9A /* Release */ = {
			isa = XCBuildConfiguration;
			baseConfigurationReference = 1BFDBE7DD9D1651DF64A33A2 /* Pods-pharmx.release.xcconfig */;
			buildSettings = {
				ASSETCATALOG_COMPILER_APPICON_NAME = AppIcon;
				CLANG_ENABLE_MODULES = YES;
				CODE_SIGN_IDENTITY = "iPhone Distribution: Kasim Hussain (WGB383LZXN)";
				CODE_SIGN_STYLE = Manual;
				CURRENT_PROJECT_VERSION = 3;
				DEVELOPMENT_TEAM = WGB383LZXN;
				INFOPLIST_FILE = pharmx/Info.plist;
				LD_RUNPATH_SEARCH_PATHS = "$(inherited) @executable_path/Frameworks";
				OTHER_LDFLAGS = (
					"$(inherited)",
					"-ObjC",
					"-lc++",
				);
				PRODUCT_BUNDLE_IDENTIFIER = com.pharmx.pharmx;
				PRODUCT_NAME = pharmx;
				PROVISIONING_PROFILE_SPECIFIER = PharmX_Prod;
				SWIFT_VERSION = 5.0;
				VERSIONING_SYSTEM = "apple-generic";
			};
			name = Release;
		};
		2D02E4971E0B4A5E006451C7 /* Debug */ = {
			isa = XCBuildConfiguration;
			baseConfigurationReference = 7A30A5F3F4B71CE0576C2347 /* Pods-pharmx-tvOS.debug.xcconfig */;
			buildSettings = {
				ASSETCATALOG_COMPILER_APPICON_NAME = "App Icon & Top Shelf Image";
				ASSETCATALOG_COMPILER_LAUNCHIMAGE_NAME = LaunchImage;
				CLANG_ANALYZER_NONNULL = YES;
				CLANG_WARN_DOCUMENTATION_COMMENTS = YES;
				CLANG_WARN_INFINITE_RECURSION = YES;
				CLANG_WARN_SUSPICIOUS_MOVE = YES;
				DEBUG_INFORMATION_FORMAT = dwarf;
				ENABLE_TESTABILITY = YES;
				GCC_NO_COMMON_BLOCKS = YES;
				INFOPLIST_FILE = "pharmx-tvOS/Info.plist";
				LD_RUNPATH_SEARCH_PATHS = "$(inherited) @executable_path/Frameworks";
				OTHER_LDFLAGS = (
					"$(inherited)",
					"-ObjC",
					"-lc++",
				);
				PRODUCT_BUNDLE_IDENTIFIER = "org.reactjs.native.example.pharmx-tvOS";
				PRODUCT_NAME = "$(TARGET_NAME)";
				SDKROOT = appletvos;
				TARGETED_DEVICE_FAMILY = 3;
				TVOS_DEPLOYMENT_TARGET = 10.0;
			};
			name = Debug;
		};
		2D02E4981E0B4A5E006451C7 /* Release */ = {
			isa = XCBuildConfiguration;
			baseConfigurationReference = 5DD35C3E3D9CC5B12A4B5F60 /* Pods-pharmx-tvOS.release.xcconfig */;
			buildSettings = {
				ASSETCATALOG_COMPILER_APPICON_NAME = "App Icon & Top Shelf Image";
				ASSETCATALOG_COMPILER_LAUNCHIMAGE_NAME = LaunchImage;
				CLANG_ANALYZER_NONNULL = YES;
				CLANG_WARN_DOCUMENTATION_COMMENTS = YES;
				CLANG_WARN_INFINITE_RECURSION = YES;
				CLANG_WARN_SUSPICIOUS_MOVE = YES;
				COPY_PHASE_STRIP = NO;
				DEBUG_INFORMATION_FORMAT = "dwarf-with-dsym";
				GCC_NO_COMMON_BLOCKS = YES;
				INFOPLIST_FILE = "pharmx-tvOS/Info.plist";
				LD_RUNPATH_SEARCH_PATHS = "$(inherited) @executable_path/Frameworks";
				OTHER_LDFLAGS = (
					"$(inherited)",
					"-ObjC",
					"-lc++",
				);
				PRODUCT_BUNDLE_IDENTIFIER = "org.reactjs.native.example.pharmx-tvOS";
				PRODUCT_NAME = "$(TARGET_NAME)";
				SDKROOT = appletvos;
				TARGETED_DEVICE_FAMILY = 3;
				TVOS_DEPLOYMENT_TARGET = 10.0;
			};
			name = Release;
		};
		2D02E4991E0B4A5E006451C7 /* Debug */ = {
			isa = XCBuildConfiguration;
			baseConfigurationReference = 39AE9A0E43031AF27FDD6C39 /* Pods-pharmx-tvOSTests.debug.xcconfig */;
			buildSettings = {
				BUNDLE_LOADER = "$(TEST_HOST)";
				CLANG_ANALYZER_NONNULL = YES;
				CLANG_WARN_DOCUMENTATION_COMMENTS = YES;
				CLANG_WARN_INFINITE_RECURSION = YES;
				CLANG_WARN_SUSPICIOUS_MOVE = YES;
				DEBUG_INFORMATION_FORMAT = dwarf;
				ENABLE_TESTABILITY = YES;
				GCC_NO_COMMON_BLOCKS = YES;
				INFOPLIST_FILE = "pharmx-tvOSTests/Info.plist";
				LD_RUNPATH_SEARCH_PATHS = "$(inherited) @executable_path/Frameworks @loader_path/Frameworks";
				OTHER_LDFLAGS = (
					"$(inherited)",
					"-ObjC",
					"-lc++",
				);
				PRODUCT_BUNDLE_IDENTIFIER = "org.reactjs.native.example.pharmx-tvOSTests";
				PRODUCT_NAME = "$(TARGET_NAME)";
				SDKROOT = appletvos;
				TEST_HOST = "$(BUILT_PRODUCTS_DIR)/pharmx-tvOS.app/pharmx-tvOS";
				TVOS_DEPLOYMENT_TARGET = 10.1;
			};
			name = Debug;
		};
		2D02E49A1E0B4A5E006451C7 /* Release */ = {
			isa = XCBuildConfiguration;
			baseConfigurationReference = F68290F3F245C0915EA08FDA /* Pods-pharmx-tvOSTests.release.xcconfig */;
			buildSettings = {
				BUNDLE_LOADER = "$(TEST_HOST)";
				CLANG_ANALYZER_NONNULL = YES;
				CLANG_WARN_DOCUMENTATION_COMMENTS = YES;
				CLANG_WARN_INFINITE_RECURSION = YES;
				CLANG_WARN_SUSPICIOUS_MOVE = YES;
				COPY_PHASE_STRIP = NO;
				DEBUG_INFORMATION_FORMAT = "dwarf-with-dsym";
				GCC_NO_COMMON_BLOCKS = YES;
				INFOPLIST_FILE = "pharmx-tvOSTests/Info.plist";
				LD_RUNPATH_SEARCH_PATHS = "$(inherited) @executable_path/Frameworks @loader_path/Frameworks";
				OTHER_LDFLAGS = (
					"$(inherited)",
					"-ObjC",
					"-lc++",
				);
				PRODUCT_BUNDLE_IDENTIFIER = "org.reactjs.native.example.pharmx-tvOSTests";
				PRODUCT_NAME = "$(TARGET_NAME)";
				SDKROOT = appletvos;
				TEST_HOST = "$(BUILT_PRODUCTS_DIR)/pharmx-tvOS.app/pharmx-tvOS";
				TVOS_DEPLOYMENT_TARGET = 10.1;
			};
			name = Release;
		};
		83CBBA201A601CBA00E9B192 /* Debug */ = {
			isa = XCBuildConfiguration;
			buildSettings = {
				ALWAYS_SEARCH_USER_PATHS = NO;
				CLANG_ANALYZER_LOCALIZABILITY_NONLOCALIZED = YES;
				CLANG_CXX_LANGUAGE_STANDARD = "gnu++0x";
				CLANG_CXX_LIBRARY = "libc++";
				CLANG_ENABLE_MODULES = YES;
				CLANG_ENABLE_OBJC_ARC = YES;
				CLANG_WARN_BLOCK_CAPTURE_AUTORELEASING = YES;
				CLANG_WARN_BOOL_CONVERSION = YES;
				CLANG_WARN_COMMA = YES;
				CLANG_WARN_CONSTANT_CONVERSION = YES;
				CLANG_WARN_DEPRECATED_OBJC_IMPLEMENTATIONS = YES;
				CLANG_WARN_DIRECT_OBJC_ISA_USAGE = YES_ERROR;
				CLANG_WARN_EMPTY_BODY = YES;
				CLANG_WARN_ENUM_CONVERSION = YES;
				CLANG_WARN_INFINITE_RECURSION = YES;
				CLANG_WARN_INT_CONVERSION = YES;
				CLANG_WARN_NON_LITERAL_NULL_CONVERSION = YES;
				CLANG_WARN_OBJC_IMPLICIT_RETAIN_SELF = YES;
				CLANG_WARN_OBJC_LITERAL_CONVERSION = YES;
				CLANG_WARN_OBJC_ROOT_CLASS = YES_ERROR;
				CLANG_WARN_RANGE_LOOP_ANALYSIS = YES;
				CLANG_WARN_STRICT_PROTOTYPES = YES;
				CLANG_WARN_SUSPICIOUS_MOVE = YES;
				CLANG_WARN_UNREACHABLE_CODE = YES;
				CLANG_WARN__DUPLICATE_METHOD_MATCH = YES;
				"CODE_SIGN_IDENTITY[sdk=iphoneos*]" = "iPhone Developer";
				COPY_PHASE_STRIP = NO;
				ENABLE_STRICT_OBJC_MSGSEND = YES;
				ENABLE_TESTABILITY = YES;
				GCC_C_LANGUAGE_STANDARD = gnu99;
				GCC_DYNAMIC_NO_PIC = NO;
				GCC_NO_COMMON_BLOCKS = YES;
				GCC_OPTIMIZATION_LEVEL = 0;
				GCC_PREPROCESSOR_DEFINITIONS = (
					"DEBUG=1",
					"$(inherited)",
				);
				GCC_SYMBOLS_PRIVATE_EXTERN = NO;
				GCC_WARN_64_TO_32_BIT_CONVERSION = YES;
				GCC_WARN_ABOUT_RETURN_TYPE = YES_ERROR;
				GCC_WARN_UNDECLARED_SELECTOR = YES;
				GCC_WARN_UNINITIALIZED_AUTOS = YES_AGGRESSIVE;
				GCC_WARN_UNUSED_FUNCTION = YES;
				GCC_WARN_UNUSED_VARIABLE = YES;
				IPHONEOS_DEPLOYMENT_TARGET = 10.0;
				LD_RUNPATH_SEARCH_PATHS = "/usr/lib/swift $(inherited)";
				LIBRARY_SEARCH_PATHS = (
					"\"$(TOOLCHAIN_DIR)/usr/lib/swift/$(PLATFORM_NAME)\"",
					"\"$(TOOLCHAIN_DIR)/usr/lib/swift-5.0/$(PLATFORM_NAME)\"",
					"\"$(inherited)\"",
				);
				MTL_ENABLE_DEBUG_INFO = YES;
				ONLY_ACTIVE_ARCH = YES;
				SDKROOT = iphoneos;
			};
			name = Debug;
		};
		83CBBA211A601CBA00E9B192 /* Release */ = {
			isa = XCBuildConfiguration;
			buildSettings = {
				ALWAYS_SEARCH_USER_PATHS = NO;
				CLANG_ANALYZER_LOCALIZABILITY_NONLOCALIZED = YES;
				CLANG_CXX_LANGUAGE_STANDARD = "gnu++0x";
				CLANG_CXX_LIBRARY = "libc++";
				CLANG_ENABLE_MODULES = YES;
				CLANG_ENABLE_OBJC_ARC = YES;
				CLANG_WARN_BLOCK_CAPTURE_AUTORELEASING = YES;
				CLANG_WARN_BOOL_CONVERSION = YES;
				CLANG_WARN_COMMA = YES;
				CLANG_WARN_CONSTANT_CONVERSION = YES;
				CLANG_WARN_DEPRECATED_OBJC_IMPLEMENTATIONS = YES;
				CLANG_WARN_DIRECT_OBJC_ISA_USAGE = YES_ERROR;
				CLANG_WARN_EMPTY_BODY = YES;
				CLANG_WARN_ENUM_CONVERSION = YES;
				CLANG_WARN_INFINITE_RECURSION = YES;
				CLANG_WARN_INT_CONVERSION = YES;
				CLANG_WARN_NON_LITERAL_NULL_CONVERSION = YES;
				CLANG_WARN_OBJC_IMPLICIT_RETAIN_SELF = YES;
				CLANG_WARN_OBJC_LITERAL_CONVERSION = YES;
				CLANG_WARN_OBJC_ROOT_CLASS = YES_ERROR;
				CLANG_WARN_RANGE_LOOP_ANALYSIS = YES;
				CLANG_WARN_STRICT_PROTOTYPES = YES;
				CLANG_WARN_SUSPICIOUS_MOVE = YES;
				CLANG_WARN_UNREACHABLE_CODE = YES;
				CLANG_WARN__DUPLICATE_METHOD_MATCH = YES;
				"CODE_SIGN_IDENTITY[sdk=iphoneos*]" = "iPhone Developer";
				COPY_PHASE_STRIP = YES;
				ENABLE_NS_ASSERTIONS = NO;
				ENABLE_STRICT_OBJC_MSGSEND = YES;
				GCC_C_LANGUAGE_STANDARD = gnu99;
				GCC_NO_COMMON_BLOCKS = YES;
				GCC_WARN_64_TO_32_BIT_CONVERSION = YES;
				GCC_WARN_ABOUT_RETURN_TYPE = YES_ERROR;
				GCC_WARN_UNDECLARED_SELECTOR = YES;
				GCC_WARN_UNINITIALIZED_AUTOS = YES_AGGRESSIVE;
				GCC_WARN_UNUSED_FUNCTION = YES;
				GCC_WARN_UNUSED_VARIABLE = YES;
				IPHONEOS_DEPLOYMENT_TARGET = 10.0;
				LD_RUNPATH_SEARCH_PATHS = "/usr/lib/swift $(inherited)";
				LIBRARY_SEARCH_PATHS = (
					"\"$(TOOLCHAIN_DIR)/usr/lib/swift/$(PLATFORM_NAME)\"",
					"\"$(TOOLCHAIN_DIR)/usr/lib/swift-5.0/$(PLATFORM_NAME)\"",
					"\"$(inherited)\"",
				);
				MTL_ENABLE_DEBUG_INFO = NO;
				SDKROOT = iphoneos;
				VALIDATE_PRODUCT = YES;
			};
			name = Release;
		};
/* End XCBuildConfiguration section */

/* Begin XCConfigurationList section */
		00E357021AD99517003FC87E /* Build configuration list for PBXNativeTarget "pharmxTests" */ = {
			isa = XCConfigurationList;
			buildConfigurations = (
				00E356F61AD99517003FC87E /* Debug */,
				00E356F71AD99517003FC87E /* Release */,
			);
			defaultConfigurationIsVisible = 0;
			defaultConfigurationName = Release;
		};
		13B07F931A680F5B00A75B9A /* Build configuration list for PBXNativeTarget "pharmx" */ = {
			isa = XCConfigurationList;
			buildConfigurations = (
				13B07F941A680F5B00A75B9A /* Debug */,
				13B07F951A680F5B00A75B9A /* Release */,
			);
			defaultConfigurationIsVisible = 0;
			defaultConfigurationName = Release;
		};
		2D02E4BA1E0B4A5E006451C7 /* Build configuration list for PBXNativeTarget "pharmx-tvOS" */ = {
			isa = XCConfigurationList;
			buildConfigurations = (
				2D02E4971E0B4A5E006451C7 /* Debug */,
				2D02E4981E0B4A5E006451C7 /* Release */,
			);
			defaultConfigurationIsVisible = 0;
			defaultConfigurationName = Release;
		};
		2D02E4BB1E0B4A5E006451C7 /* Build configuration list for PBXNativeTarget "pharmx-tvOSTests" */ = {
			isa = XCConfigurationList;
			buildConfigurations = (
				2D02E4991E0B4A5E006451C7 /* Debug */,
				2D02E49A1E0B4A5E006451C7 /* Release */,
			);
			defaultConfigurationIsVisible = 0;
			defaultConfigurationName = Release;
		};
		83CBB9FA1A601CBA00E9B192 /* Build configuration list for PBXProject "pharmx" */ = {
			isa = XCConfigurationList;
			buildConfigurations = (
				83CBBA201A601CBA00E9B192 /* Debug */,
				83CBBA211A601CBA00E9B192 /* Release */,
			);
			defaultConfigurationIsVisible = 0;
			defaultConfigurationName = Release;
		};
/* End XCConfigurationList section */
	};
	rootObject = 83CBB9F71A601CBA00E9B192 /* Project object */;
}
